
Microsoft Visual Studio Solution File, Format Version 12.00
# Visual Studio Version 16
VisualStudioVersion = 16.0.29613.14
MinimumVisualStudioVersion = 10.0.40219.1
Project("{FAE04EC0-301F-11D3-BF4B-00C04F79EFBC}") = "BatchOperation", "BatchOperation\BatchOperation.csproj", "{5170870C-73C0-4019-A128-C18BCD18016B}"
EndProject
Project("{2150E333-8FDC-42A3-9474-1A3956D46DE8}") = "Database", "Database", "{D48E7946-961B-4F25-8ABC-C2B7F81D421C}"
	ProjectSection(SolutionItems) = preProject
		Database\BatchDB.sql = Database\BatchDB.sql
	EndProjectSection
EndProject
Global
	GlobalSection(SolutionConfigurationPlatforms) = preSolution
		Debug|Any CPU = Debug|Any CPU
		Release|Any CPU = Release|Any CPU
	EndGlobalSection
	GlobalSection(ProjectConfigurationPlatforms) = postSolution
		{5170870C-73C0-4019-A128-C18BCD18016B}.Debug|Any CPU.ActiveCfg = Debug|Any CPU
		{5170870C-73C0-4019-A128-C18BCD18016B}.Debug|Any CPU.Build.0 = Debug|Any CPU
		{5170870C-73C0-4019-A128-C18BCD18016B}.Release|Any CPU.ActiveCfg = Release|Any CPU
		{5170870C-73C0-4019-A128-C18BCD18016B}.Release|Any CPU.Build.0 = Release|Any CPU
	EndGlobalSection
	GlobalSection(SolutionProperties) = preSolution
		HideSolutionNode = FALSE
	EndGlobalSection
	GlobalSection(ExtensibilityGlobals) = postSolution
		SolutionGuid = {E7FEA9F6-AA88-43A1-805E-956F7AB30491}
	EndGlobalSection
EndGlobal
