
Microsoft Visual Studio Solution File, Format Version 12.00
# Visual Studio Version 16
VisualStudioVersion = 16.0.30717.126
MinimumVisualStudioVersion = 10.0.40219.1
Project("{FAE04EC0-301F-11D3-BF4B-00C04F79EFBC}") = "EntityFrameworkRawSQL", "EntityFrameworkRawSQL\EntityFrameworkRawSQL.csproj", "{501E17AB-FFB0-48B6-9C73-0D1F278930E3}"
EndProject
Global
	GlobalSection(SolutionConfigurationPlatforms) = preSolution
		Debug|Any CPU = Debug|Any CPU
		Release|Any CPU = Release|Any CPU
	EndGlobalSection
	GlobalSection(ProjectConfigurationPlatforms) = postSolution
		{501E17AB-FFB0-48B6-9C73-0D1F278930E3}.Debug|Any CPU.ActiveCfg = Debug|Any CPU
		{501E17AB-FFB0-48B6-9C73-0D1F278930E3}.Debug|Any CPU.Build.0 = Debug|Any CPU
		{501E17AB-FFB0-48B6-9C73-0D1F278930E3}.Release|Any CPU.ActiveCfg = Release|Any CPU
		{501E17AB-FFB0-48B6-9C73-0D1F278930E3}.Release|Any CPU.Build.0 = Release|Any CPU
	EndGlobalSection
	GlobalSection(SolutionProperties) = preSolution
		HideSolutionNode = FALSE
	EndGlobalSection
	GlobalSection(ExtensibilityGlobals) = postSolution
		SolutionGuid = {2F10C986-90CE-4752-9EBB-75EC5450F0B7}
	EndGlobalSection
EndGlobal
