
Microsoft Visual Studio Solution File, Format Version 12.00
# Visual Studio Version 16
VisualStudioVersion = 16.0.29613.14
MinimumVisualStudioVersion = 10.0.40219.1
Project("{FAE04EC0-301F-11D3-BF4B-00C04F79EFBC}") = "BatchOperationProject", "BatchOperationProject\BatchOperationProject.csproj", "{9EED599A-0CF1-4467-AF6D-F335C8D54AEC}"
EndProject
Global
	GlobalSection(SolutionConfigurationPlatforms) = preSolution
		Debug|Any CPU = Debug|Any CPU
		Release|Any CPU = Release|Any CPU
	EndGlobalSection
	GlobalSection(ProjectConfigurationPlatforms) = postSolution
		{9EED599A-0CF1-4467-AF6D-F335C8D54AEC}.Debug|Any CPU.ActiveCfg = Debug|Any CPU
		{9EED599A-0CF1-4467-AF6D-F335C8D54AEC}.Debug|Any CPU.Build.0 = Debug|Any CPU
		{9EED599A-0CF1-4467-AF6D-F335C8D54AEC}.Release|Any CPU.ActiveCfg = Release|Any CPU
		{9EED599A-0CF1-4467-AF6D-F335C8D54AEC}.Release|Any CPU.Build.0 = Release|Any CPU
	EndGlobalSection
	GlobalSection(SolutionProperties) = preSolution
		HideSolutionNode = FALSE
	EndGlobalSection
	GlobalSection(ExtensibilityGlobals) = postSolution
		SolutionGuid = {4B626AFA-1FA7-4224-A65B-2301BB86A5E0}
	EndGlobalSection
EndGlobal
