
Microsoft Visual Studio Solution File, Format Version 12.00
# Visual Studio Version 16
VisualStudioVersion = 16.0.29613.14
MinimumVisualStudioVersion = 10.0.40219.1
Project("{FAE04EC0-301F-11D3-BF4B-00C04F79EFBC}") = "SchoolAPI", "SchoolAPI\SchoolAPI.csproj", "{A3C8F378-49A3-44E2-A094-3DE0B3C9F9A0}"
EndProject
Global
	GlobalSection(SolutionConfigurationPlatforms) = preSolution
		Debug|Any CPU = Debug|Any CPU
		Release|Any CPU = Release|Any CPU
	EndGlobalSection
	GlobalSection(ProjectConfigurationPlatforms) = postSolution
		{A3C8F378-49A3-44E2-A094-3DE0B3C9F9A0}.Debug|Any CPU.ActiveCfg = Debug|Any CPU
		{A3C8F378-49A3-44E2-A094-3DE0B3C9F9A0}.Debug|Any CPU.Build.0 = Debug|Any CPU
		{A3C8F378-49A3-44E2-A094-3DE0B3C9F9A0}.Release|Any CPU.ActiveCfg = Release|Any CPU
		{A3C8F378-49A3-44E2-A094-3DE0B3C9F9A0}.Release|Any CPU.Build.0 = Release|Any CPU
	EndGlobalSection
	GlobalSection(SolutionProperties) = preSolution
		HideSolutionNode = FALSE
	EndGlobalSection
	GlobalSection(ExtensibilityGlobals) = postSolution
		SolutionGuid = {2888068D-360A-4CF8-956E-D656A054A1F4}
	EndGlobalSection
EndGlobal
