
Microsoft Visual Studio Solution File, Format Version 12.00
# Visual Studio Version 16
VisualStudioVersion = 16.0.29613.14
MinimumVisualStudioVersion = 10.0.40219.1
Project("{FAE04EC0-301F-11D3-BF4B-00C04F79EFBC}") = "InventoryAPI", "InventoryAPI\InventoryAPI.csproj", "{FFC15364-67F7-4F69-8ABA-DEE493DB2F56}"
EndProject
Global
	GlobalSection(SolutionConfigurationPlatforms) = preSolution
		Debug|Any CPU = Debug|Any CPU
		Release|Any CPU = Release|Any CPU
	EndGlobalSection
	GlobalSection(ProjectConfigurationPlatforms) = postSolution
		{FFC15364-67F7-4F69-8ABA-DEE493DB2F56}.Debug|Any CPU.ActiveCfg = Debug|Any CPU
		{FFC15364-67F7-4F69-8ABA-DEE493DB2F56}.Debug|Any CPU.Build.0 = Debug|Any CPU
		{FFC15364-67F7-4F69-8ABA-DEE493DB2F56}.Release|Any CPU.ActiveCfg = Release|Any CPU
		{FFC15364-67F7-4F69-8ABA-DEE493DB2F56}.Release|Any CPU.Build.0 = Release|Any CPU
	EndGlobalSection
	GlobalSection(SolutionProperties) = preSolution
		HideSolutionNode = FALSE
	EndGlobalSection
	GlobalSection(ExtensibilityGlobals) = postSolution
		SolutionGuid = {90AE6318-32CC-49BA-9A55-B167B8AA6C22}
	EndGlobalSection
EndGlobal
